
Microsoft Visual Studio Solution File, Format Version 12.00
# Visual Studio Version 16
VisualStudioVersion = 16.0.30011.22
MinimumVisualStudioVersion = 10.0.40219.1
Project("{8BC9CEB8-8B4A-11D0-8D11-00A0C91BC942}") = "Hello", "Hello\Hello.vcxproj", "{A3E3FD06-3563-4A13-BE3F-9BC90BB8E8EE}"
EndProject
Project("{8BC9CEB8-8B4A-11D0-8D11-00A0C91BC942}") = "Ifelse", "Ifelse\Ifelse.vcxproj", "{393EB4DD-C4C7-42A0-B860-C2965B42BDB3}"
EndProject
Project("{8BC9CEB8-8B4A-11D0-8D11-00A0C91BC942}") = "Func", "Func\Func.vcxproj", "{3B5A8661-2D3A-483C-9F8B-63DF41B5165A}"
EndProject
Project("{8BC9CEB8-8B4A-11D0-8D11-00A0C91BC942}") = "For99", "For99\For99.vcxproj", "{E9FA7C73-6C8A-4EEF-87EA-B2F5F7725345}"
EndProject
Project("{8BC9CEB8-8B4A-11D0-8D11-00A0C91BC942}") = "Array", "Array\Array.vcxproj", "{F1A34392-3F2B-46A0-95F4-9437D0C777EC}"
EndProject
Project("{8BC9CEB8-8B4A-11D0-8D11-00A0C91BC942}") = "Pointer", "Pointer\Pointer.vcxproj", "{834B8601-30D7-4533-8AE7-31CC74A7FD77}"
EndProject
Project("{8BC9CEB8-8B4A-11D0-8D11-00A0C91BC942}") = "SelectionSort", "SelectionSort\SelectionSort.vcxproj", "{45314BE8-F798-42D0-A7CD-226B4A0086C1}"
EndProject
Project("{8BC9CEB8-8B4A-11D0-8D11-00A0C91BC942}") = "Enum", "Enum\Enum.vcxproj", "{ACC918DE-6048-43FD-BF80-1BA6E1674237}"
EndProject
Project("{8BC9CEB8-8B4A-11D0-8D11-00A0C91BC942}") = "Structure", "Structure\Structure.vcxproj", "{3EF7A19D-4B2F-4438-868F-09748B3603F7}"
EndProject
Project("{8BC9CEB8-8B4A-11D0-8D11-00A0C91BC942}") = "Union", "Union\Union.vcxproj", "{5F7EF1E3-2EB5-47C3-B2C9-6FF467141129}"
EndProject
Project("{8BC9CEB8-8B4A-11D0-8D11-00A0C91BC942}") = "DataTypes", "DataTypes\DataTypes.vcxproj", "{E427C3F6-8294-4273-B20F-773A39D15283}"
EndProject
Project("{8BC9CEB8-8B4A-11D0-8D11-00A0C91BC942}") = "Switch", "Switch\Switch.vcxproj", "{EA22EE2D-10EA-40DF-90D4-F18A258F3EC2}"
EndProject
Project("{8BC9CEB8-8B4A-11D0-8D11-00A0C91BC942}") = "BubbleSort", "BubbleSort\BubbleSort.vcxproj", "{EC6343A0-4B72-4A81-8296-BD2636278ED3}"
EndProject
Project("{8BC9CEB8-8B4A-11D0-8D11-00A0C91BC942}") = "FuncPointer", "FuncPointer\FuncPointer.vcxproj", "{18A84C66-2392-4009-9577-30FE75808A87}"
EndProject
Global
	GlobalSection(SolutionConfigurationPlatforms) = preSolution
		Debug|x64 = Debug|x64
		Debug|x86 = Debug|x86
		Release|x64 = Release|x64
		Release|x86 = Release|x86
	EndGlobalSection
	GlobalSection(ProjectConfigurationPlatforms) = postSolution
		{A3E3FD06-3563-4A13-BE3F-9BC90BB8E8EE}.Debug|x64.ActiveCfg = Debug|x64
		{A3E3FD06-3563-4A13-BE3F-9BC90BB8E8EE}.Debug|x64.Build.0 = Debug|x64
		{A3E3FD06-3563-4A13-BE3F-9BC90BB8E8EE}.Debug|x86.ActiveCfg = Debug|Win32
		{A3E3FD06-3563-4A13-BE3F-9BC90BB8E8EE}.Debug|x86.Build.0 = Debug|Win32
		{A3E3FD06-3563-4A13-BE3F-9BC90BB8E8EE}.Release|x64.ActiveCfg = Release|x64
		{A3E3FD06-3563-4A13-BE3F-9BC90BB8E8EE}.Release|x64.Build.0 = Release|x64
		{A3E3FD06-3563-4A13-BE3F-9BC90BB8E8EE}.Release|x86.ActiveCfg = Release|Win32
		{A3E3FD06-3563-4A13-BE3F-9BC90BB8E8EE}.Release|x86.Build.0 = Release|Win32
		{393EB4DD-C4C7-42A0-B860-C2965B42BDB3}.Debug|x64.ActiveCfg = Debug|x64
		{393EB4DD-C4C7-42A0-B860-C2965B42BDB3}.Debug|x64.Build.0 = Debug|x64
		{393EB4DD-C4C7-42A0-B860-C2965B42BDB3}.Debug|x86.ActiveCfg = Debug|Win32
		{393EB4DD-C4C7-42A0-B860-C2965B42BDB3}.Debug|x86.Build.0 = Debug|Win32
		{393EB4DD-C4C7-42A0-B860-C2965B42BDB3}.Release|x64.ActiveCfg = Release|x64
		{393EB4DD-C4C7-42A0-B860-C2965B42BDB3}.Release|x64.Build.0 = Release|x64
		{393EB4DD-C4C7-42A0-B860-C2965B42BDB3}.Release|x86.ActiveCfg = Release|Win32
		{393EB4DD-C4C7-42A0-B860-C2965B42BDB3}.Release|x86.Build.0 = Release|Win32
		{3B5A8661-2D3A-483C-9F8B-63DF41B5165A}.Debug|x64.ActiveCfg = Debug|x64
		{3B5A8661-2D3A-483C-9F8B-63DF41B5165A}.Debug|x64.Build.0 = Debug|x64
		{3B5A8661-2D3A-483C-9F8B-63DF41B5165A}.Debug|x86.ActiveCfg = Debug|Win32
		{3B5A8661-2D3A-483C-9F8B-63DF41B5165A}.Debug|x86.Build.0 = Debug|Win32
		{3B5A8661-2D3A-483C-9F8B-63DF41B5165A}.Release|x64.ActiveCfg = Release|x64
		{3B5A8661-2D3A-483C-9F8B-63DF41B5165A}.Release|x64.Build.0 = Release|x64
		{3B5A8661-2D3A-483C-9F8B-63DF41B5165A}.Release|x86.ActiveCfg = Release|Win32
		{3B5A8661-2D3A-483C-9F8B-63DF41B5165A}.Release|x86.Build.0 = Release|Win32
		{E9FA7C73-6C8A-4EEF-87EA-B2F5F7725345}.Debug|x64.ActiveCfg = Debug|x64
		{E9FA7C73-6C8A-4EEF-87EA-B2F5F7725345}.Debug|x64.Build.0 = Debug|x64
		{E9FA7C73-6C8A-4EEF-87EA-B2F5F7725345}.Debug|x86.ActiveCfg = Debug|Win32
		{E9FA7C73-6C8A-4EEF-87EA-B2F5F7725345}.Debug|x86.Build.0 = Debug|Win32
		{E9FA7C73-6C8A-4EEF-87EA-B2F5F7725345}.Release|x64.ActiveCfg = Release|x64
		{E9FA7C73-6C8A-4EEF-87EA-B2F5F7725345}.Release|x64.Build.0 = Release|x64
		{E9FA7C73-6C8A-4EEF-87EA-B2F5F7725345}.Release|x86.ActiveCfg = Release|Win32
		{E9FA7C73-6C8A-4EEF-87EA-B2F5F7725345}.Release|x86.Build.0 = Release|Win32
		{F1A34392-3F2B-46A0-95F4-9437D0C777EC}.Debug|x64.ActiveCfg = Debug|x64
		{F1A34392-3F2B-46A0-95F4-9437D0C777EC}.Debug|x64.Build.0 = Debug|x64
		{F1A34392-3F2B-46A0-95F4-9437D0C777EC}.Debug|x86.ActiveCfg = Debug|Win32
		{F1A34392-3F2B-46A0-95F4-9437D0C777EC}.Debug|x86.Build.0 = Debug|Win32
		{F1A34392-3F2B-46A0-95F4-9437D0C777EC}.Release|x64.ActiveCfg = Release|x64
		{F1A34392-3F2B-46A0-95F4-9437D0C777EC}.Release|x64.Build.0 = Release|x64
		{F1A34392-3F2B-46A0-95F4-9437D0C777EC}.Release|x86.ActiveCfg = Release|Win32
		{F1A34392-3F2B-46A0-95F4-9437D0C777EC}.Release|x86.Build.0 = Release|Win32
		{834B8601-30D7-4533-8AE7-31CC74A7FD77}.Debug|x64.ActiveCfg = Debug|x64
		{834B8601-30D7-4533-8AE7-31CC74A7FD77}.Debug|x64.Build.0 = Debug|x64
		{834B8601-30D7-4533-8AE7-31CC74A7FD77}.Debug|x86.ActiveCfg = Debug|Win32
		{834B8601-30D7-4533-8AE7-31CC74A7FD77}.Debug|x86.Build.0 = Debug|Win32
		{834B8601-30D7-4533-8AE7-31CC74A7FD77}.Release|x64.ActiveCfg = Release|x64
		{834B8601-30D7-4533-8AE7-31CC74A7FD77}.Release|x64.Build.0 = Release|x64
		{834B8601-30D7-4533-8AE7-31CC74A7FD77}.Release|x86.ActiveCfg = Release|Win32
		{834B8601-30D7-4533-8AE7-31CC74A7FD77}.Release|x86.Build.0 = Release|Win32
		{45314BE8-F798-42D0-A7CD-226B4A0086C1}.Debug|x64.ActiveCfg = Debug|x64
		{45314BE8-F798-42D0-A7CD-226B4A0086C1}.Debug|x64.Build.0 = Debug|x64
		{45314BE8-F798-42D0-A7CD-226B4A0086C1}.Debug|x86.ActiveCfg = Debug|Win32
		{45314BE8-F798-42D0-A7CD-226B4A0086C1}.Debug|x86.Build.0 = Debug|Win32
		{45314BE8-F798-42D0-A7CD-226B4A0086C1}.Release|x64.ActiveCfg = Release|x64
		{45314BE8-F798-42D0-A7CD-226B4A0086C1}.Release|x64.Build.0 = Release|x64
		{45314BE8-F798-42D0-A7CD-226B4A0086C1}.Release|x86.ActiveCfg = Release|Win32
		{45314BE8-F798-42D0-A7CD-226B4A0086C1}.Release|x86.Build.0 = Release|Win32
		{ACC918DE-6048-43FD-BF80-1BA6E1674237}.Debug|x64.ActiveCfg = Debug|x64
		{ACC918DE-6048-43FD-BF80-1BA6E1674237}.Debug|x64.Build.0 = Debug|x64
		{ACC918DE-6048-43FD-BF80-1BA6E1674237}.Debug|x86.ActiveCfg = Debug|Win32
		{ACC918DE-6048-43FD-BF80-1BA6E1674237}.Debug|x86.Build.0 = Debug|Win32
		{ACC918DE-6048-43FD-BF80-1BA6E1674237}.Release|x64.ActiveCfg = Release|x64
		{ACC918DE-6048-43FD-BF80-1BA6E1674237}.Release|x64.Build.0 = Release|x64
		{ACC918DE-6048-43FD-BF80-1BA6E1674237}.Release|x86.ActiveCfg = Release|Win32
		{ACC918DE-6048-43FD-BF80-1BA6E1674237}.Release|x86.Build.0 = Release|Win32
		{3EF7A19D-4B2F-4438-868F-09748B3603F7}.Debug|x64.ActiveCfg = Debug|x64
		{3EF7A19D-4B2F-4438-868F-09748B3603F7}.Debug|x64.Build.0 = Debug|x64
		{3EF7A19D-4B2F-4438-868F-09748B3603F7}.Debug|x86.ActiveCfg = Debug|Win32
		{3EF7A19D-4B2F-4438-868F-09748B3603F7}.Debug|x86.Build.0 = Debug|Win32
		{3EF7A19D-4B2F-4438-868F-09748B3603F7}.Release|x64.ActiveCfg = Release|x64
		{3EF7A19D-4B2F-4438-868F-09748B3603F7}.Release|x64.Build.0 = Release|x64
		{3EF7A19D-4B2F-4438-868F-09748B3603F7}.Release|x86.ActiveCfg = Release|Win32
		{3EF7A19D-4B2F-4438-868F-09748B3603F7}.Release|x86.Build.0 = Release|Win32
		{5F7EF1E3-2EB5-47C3-B2C9-6FF467141129}.Debug|x64.ActiveCfg = Debug|x64
		{5F7EF1E3-2EB5-47C3-B2C9-6FF467141129}.Debug|x64.Build.0 = Debug|x64
		{5F7EF1E3-2EB5-47C3-B2C9-6FF467141129}.Debug|x86.ActiveCfg = Debug|Win32
		{5F7EF1E3-2EB5-47C3-B2C9-6FF467141129}.Debug|x86.Build.0 = Debug|Win32
		{5F7EF1E3-2EB5-47C3-B2C9-6FF467141129}.Release|x64.ActiveCfg = Release|x64
		{5F7EF1E3-2EB5-47C3-B2C9-6FF467141129}.Release|x64.Build.0 = Release|x64
		{5F7EF1E3-2EB5-47C3-B2C9-6FF467141129}.Release|x86.ActiveCfg = Release|Win32
		{5F7EF1E3-2EB5-47C3-B2C9-6FF467141129}.Release|x86.Build.0 = Release|Win32
		{E427C3F6-8294-4273-B20F-773A39D15283}.Debug|x64.ActiveCfg = Debug|x64
		{E427C3F6-8294-4273-B20F-773A39D15283}.Debug|x64.Build.0 = Debug|x64
		{E427C3F6-8294-4273-B20F-773A39D15283}.Debug|x86.ActiveCfg = Debug|Win32
		{E427C3F6-8294-4273-B20F-773A39D15283}.Debug|x86.Build.0 = Debug|Win32
		{E427C3F6-8294-4273-B20F-773A39D15283}.Release|x64.ActiveCfg = Release|x64
		{E427C3F6-8294-4273-B20F-773A39D15283}.Release|x64.Build.0 = Release|x64
		{E427C3F6-8294-4273-B20F-773A39D15283}.Release|x86.ActiveCfg = Release|Win32
		{E427C3F6-8294-4273-B20F-773A39D15283}.Release|x86.Build.0 = Release|Win32
		{EA22EE2D-10EA-40DF-90D4-F18A258F3EC2}.Debug|x64.ActiveCfg = Debug|x64
		{EA22EE2D-10EA-40DF-90D4-F18A258F3EC2}.Debug|x64.Build.0 = Debug|x64
		{EA22EE2D-10EA-40DF-90D4-F18A258F3EC2}.Debug|x86.ActiveCfg = Debug|Win32
		{EA22EE2D-10EA-40DF-90D4-F18A258F3EC2}.Debug|x86.Build.0 = Debug|Win32
		{EA22EE2D-10EA-40DF-90D4-F18A258F3EC2}.Release|x64.ActiveCfg = Release|x64
		{EA22EE2D-10EA-40DF-90D4-F18A258F3EC2}.Release|x64.Build.0 = Release|x64
		{EA22EE2D-10EA-40DF-90D4-F18A258F3EC2}.Release|x86.ActiveCfg = Release|Win32
		{EA22EE2D-10EA-40DF-90D4-F18A258F3EC2}.Release|x86.Build.0 = Release|Win32
		{EC6343A0-4B72-4A81-8296-BD2636278ED3}.Debug|x64.ActiveCfg = Debug|x64
		{EC6343A0-4B72-4A81-8296-BD2636278ED3}.Debug|x64.Build.0 = Debug|x64
		{EC6343A0-4B72-4A81-8296-BD2636278ED3}.Debug|x86.ActiveCfg = Debug|Win32
		{EC6343A0-4B72-4A81-8296-BD2636278ED3}.Debug|x86.Build.0 = Debug|Win32
		{EC6343A0-4B72-4A81-8296-BD2636278ED3}.Release|x64.ActiveCfg = Release|x64
		{EC6343A0-4B72-4A81-8296-BD2636278ED3}.Release|x64.Build.0 = Release|x64
		{EC6343A0-4B72-4A81-8296-BD2636278ED3}.Release|x86.ActiveCfg = Release|Win32
		{EC6343A0-4B72-4A81-8296-BD2636278ED3}.Release|x86.Build.0 = Release|Win32
		{18A84C66-2392-4009-9577-30FE75808A87}.Debug|x64.ActiveCfg = Debug|x64
		{18A84C66-2392-4009-9577-30FE75808A87}.Debug|x64.Build.0 = Debug|x64
		{18A84C66-2392-4009-9577-30FE75808A87}.Debug|x86.ActiveCfg = Debug|Win32
		{18A84C66-2392-4009-9577-30FE75808A87}.Debug|x86.Build.0 = Debug|Win32
		{18A84C66-2392-4009-9577-30FE75808A87}.Release|x64.ActiveCfg = Release|x64
		{18A84C66-2392-4009-9577-30FE75808A87}.Release|x64.Build.0 = Release|x64
		{18A84C66-2392-4009-9577-30FE75808A87}.Release|x86.ActiveCfg = Release|Win32
		{18A84C66-2392-4009-9577-30FE75808A87}.Release|x86.Build.0 = Release|Win32
	EndGlobalSection
	GlobalSection(SolutionProperties) = preSolution
		HideSolutionNode = FALSE
	EndGlobalSection
	GlobalSection(ExtensibilityGlobals) = postSolution
		SolutionGuid = {B0896BBF-B5AC-471E-8450-4EDF4BA14B95}
	EndGlobalSection
EndGlobal
